
Microsoft Visual Studio Solution File, Format Version 12.00
# Visual Studio Version 17
VisualStudioVersion = 17.4.33110.190
MinimumVisualStudioVersion = 10.0.40219.1
Project("{FAE04EC0-301F-11D3-BF4B-00C04F79EFBC}") = "FormLaporan", "FormLaporan.csproj", "{49106D2E-E6EF-4890-802C-7D07D3BEBA71}"
EndProject
Global
	GlobalSection(SolutionConfigurationPlatforms) = preSolution
		Debug|Any CPU = Debug|Any CPU
		Release|Any CPU = Release|Any CPU
	EndGlobalSection
	GlobalSection(ProjectConfigurationPlatforms) = postSolution
		{49106D2E-E6EF-4890-802C-7D07D3BEBA71}.Debug|Any CPU.ActiveCfg = Debug|Any CPU
		{49106D2E-E6EF-4890-802C-7D07D3BEBA71}.Debug|Any CPU.Build.0 = Debug|Any CPU
		{49106D2E-E6EF-4890-802C-7D07D3BEBA71}.Release|Any CPU.ActiveCfg = Release|Any CPU
		{49106D2E-E6EF-4890-802C-7D07D3BEBA71}.Release|Any CPU.Build.0 = Release|Any CPU
	EndGlobalSection
	GlobalSection(SolutionProperties) = preSolution
		HideSolutionNode = FALSE
	EndGlobalSection
	GlobalSection(ExtensibilityGlobals) = postSolution
		SolutionGuid = {C723DD23-2656-4AB3-A032-E6B6D2D11C4C}
	EndGlobalSection
EndGlobal
