
Microsoft Visual Studio Solution File, Format Version 12.00
# Visual Studio Version 17
VisualStudioVersion = 17.4.33122.133
MinimumVisualStudioVersion = 10.0.40219.1
Project("{FAE04EC0-301F-11D3-BF4B-00C04F79EFBC}") = "input_data", "input_data\input_data.csproj", "{480D61D7-E799-4C52-897E-B6BC93463670}"
EndProject
Global
	GlobalSection(SolutionConfigurationPlatforms) = preSolution
		Debug|Any CPU = Debug|Any CPU
		Release|Any CPU = Release|Any CPU
	EndGlobalSection
	GlobalSection(ProjectConfigurationPlatforms) = postSolution
		{480D61D7-E799-4C52-897E-B6BC93463670}.Debug|Any CPU.ActiveCfg = Debug|Any CPU
		{480D61D7-E799-4C52-897E-B6BC93463670}.Debug|Any CPU.Build.0 = Debug|Any CPU
		{480D61D7-E799-4C52-897E-B6BC93463670}.Release|Any CPU.ActiveCfg = Release|Any CPU
		{480D61D7-E799-4C52-897E-B6BC93463670}.Release|Any CPU.Build.0 = Release|Any CPU
	EndGlobalSection
	GlobalSection(SolutionProperties) = preSolution
		HideSolutionNode = FALSE
	EndGlobalSection
	GlobalSection(ExtensibilityGlobals) = postSolution
		SolutionGuid = {BF75C419-977E-4E1C-84D2-A194E7885178}
	EndGlobalSection
EndGlobal
